<?xml version="1.0" encoding="UTF-8" standalone="yes" ?>
<CodeBlocks_project_file>
	<FileVersion major="1" minor="6" />
	<Project>
		<Option title="bataillenavaleGUI" />
		<Option pch_mode="2" />
		<Option compiler="gcc" />
		<Build>
			<Target title="Debug">
				<Option output="bin/Debug/bataillenavaleGUI" prefix_auto="1" extension_auto="1" />
				<Option object_output="obj/Debug/" />
				<Option type="1" />
				<Option compiler="gcc" />
				<Compiler>
					<Add option="-g" />
				</Compiler>
			</Target>
			<Target title="Release">
				<Option output="bin/Release/bataillenavaleGUI" prefix_auto="1" extension_auto="1" />
				<Option object_output="obj/Release/" />
				<Option type="1" />
				<Option compiler="gcc" />
				<Compiler>
					<Add option="-O2" />
				</Compiler>
				<Linker>
					<Add option="-s" />
				</Linker>
			</Target>
		</Build>
		<Compiler>
			<Add option="-Wall" />
		</Compiler>
		<Unit filename="Jouer.c">
			<Option compilerVar="CC" />
		</Unit>
		<Unit filename="Jouer.h" />
		<Unit filename="Opt.c">
			<Option compilerVar="CC" />
		</Unit>
		<Unit filename="Opt.h" />
		<Unit filename="afficherMenu.c">
			<Option compilerVar="CC" />
		</Unit>
		<Unit filename="afficherMenu.h" />
		<Unit filename="dors.c">
			<Option compilerVar="CC" />
		</Unit>
		<Unit filename="dors.h" />
		<Unit filename="faireMenu.c">
			<Option compilerVar="CC" />
		</Unit>
		<Unit filename="faireMenu.h" />
		<Unit filename="main.c">
			<Option compilerVar="CC" />
		</Unit>
		<Unit filename="main.h" />
		<Extensions>
			<lib_finder disable_auto="1" />
		</Extensions>
	</Project>
</CodeBlocks_project_file>
